NeoBundleLock vim-endwise 96eb11755bb2d1a5583d44e9bcd10481bca45693
NeoBundleLock vim-web-indent 8b4f48795c36a1b3215490c632649eb41897bfeb
NeoBundleLock unite.vim f64031b0a55b7e4e9df211d13365bb31a1e6740b
NeoBundleLock vim-css3-syntax 6420c0bf01df9111f15954919b7dd8868f3d5b87
NeoBundleLock vim-unimpaired 3548479cc154154cbdbb6737ca08a47937cc7113
NeoBundleLock vim-translator f379ef586b7461a9ad656207e0e6a942abaf79f2
NeoBundleLock vim-surround fa433e0b7330753688f715f3be5d10dc480f20e5
NeoBundleLock tcomment_vim 400d2caaa67f0c8e1fd228a004791c460cf874a4
NeoBundleLock vim-fugitive 0374322ba5d85ae44dd9dc44ef31ca015a59097e
NeoBundleLock nerdtree 4f1e6ecb057fc0bac189171c1430d71ef25f6bb1
NeoBundleLock vimproc 3e055023dfab4f5a4dfa05a834f9d0cb7294a82e
NeoBundleLock neosnippet 47342389214ed9f7cf3e0b38cf9991e88b222ace
NeoBundleLock gitv 4ad120baf5e8124b41d00fc731d1ebe5095d9576
NeoBundleLock MatchTag 6dfdab1530d47b77a1839b9477f27c33a2f10b26
NeoBundleLock vim-repeat 2a3c5f8e3c26a57b8eb4cfc4be79615a1c508ef6
NeoBundleLock neocomplcache 237442924ac366015e6e0a8a13a31ac37be0c696
NeoBundleLock vim-slime d549e80f33270d8f82a4d475e0e16cac6997fdcd
NeoBundleLock html5.vim daf9c09f1c77c05adcdc0d81d218474e99104224
NeoBundleLock tlib a488e05cf463e3a551fcd50e0361c080ab08c72d
NeoBundleLock delimitMate 38487bbec8ba50834e257940b357de03991fa8f9
